// !$*UTF8*$!
{
	archiveVersion = 1;
	classes = {
	};
	objectVersion = 55;
	objects = {

/* Begin PBXBuildFile section */
		35580CEB285D2321004CB75A /* DoubleExtensions.swift in Sources */ = {isa = PBXBuildFile; fileRef = 35580CEA285D2321004CB75A /* DoubleExtensions.swift */; };
		35C5695428528134007BF787 /* TodayWeatherPresenter.swift in Sources */ = {isa = PBXBuildFile; fileRef = 35C5695328528134007BF787 /* TodayWeatherPresenter.swift */; };
		35C5695628528150007BF787 /* TodayWeatherModel.swift in Sources */ = {isa = PBXBuildFile; fileRef = 35C5695528528150007BF787 /* TodayWeatherModel.swift */; };
		35C5695828528175007BF787 /* ForecastView.swift in Sources */ = {isa = PBXBuildFile; fileRef = 35C5695728528175007BF787 /* ForecastView.swift */; };
		35C5695A28528181007BF787 /* ForecastPresenter.swift in Sources */ = {isa = PBXBuildFile; fileRef = 35C5695928528181007BF787 /* ForecastPresenter.swift */; };
		35C5695C2852818D007BF787 /* ForecastModel.swift in Sources */ = {isa = PBXBuildFile; fileRef = 35C5695B2852818D007BF787 /* ForecastModel.swift */; };
		35C5695E285283F0007BF787 /* TabBarController.swift in Sources */ = {isa = PBXBuildFile; fileRef = 35C5695D285283F0007BF787 /* TabBarController.swift */; };
		35D2FCF2285633270091CCAE /* LocationManager.swift in Sources */ = {isa = PBXBuildFile; fileRef = 35D2FCF1285633270091CCAE /* LocationManager.swift */; };
		35E48CE1285A4E1400E5C7D6 /* ForecastCell.swift in Sources */ = {isa = PBXBuildFile; fileRef = 35E48CE0285A4E1400E5C7D6 /* ForecastCell.swift */; };
		35F1A3562851364A00981305 /* AppDelegate.swift in Sources */ = {isa = PBXBuildFile; fileRef = 35F1A3552851364A00981305 /* AppDelegate.swift */; };
		35F1A3582851364A00981305 /* SceneDelegate.swift in Sources */ = {isa = PBXBuildFile; fileRef = 35F1A3572851364A00981305 /* SceneDelegate.swift */; };
		35F1A35A2851364A00981305 /* TodayWeatherView.swift in Sources */ = {isa = PBXBuildFile; fileRef = 35F1A3592851364A00981305 /* TodayWeatherView.swift */; };
		35F1A35F2851364B00981305 /* Assets.xcassets in Resources */ = {isa = PBXBuildFile; fileRef = 35F1A35E2851364B00981305 /* Assets.xcassets */; };
		35F1A3622851364B00981305 /* LaunchScreen.storyboard in Resources */ = {isa = PBXBuildFile; fileRef = 35F1A3602851364B00981305 /* LaunchScreen.storyboard */; };
		35F5F9542854071500D1FE4C /* OpenWeatherMapAPI.swift in Sources */ = {isa = PBXBuildFile; fileRef = 35F5F9532854071500D1FE4C /* OpenWeatherMapAPI.swift */; };
		F815DE515D11A49243BCB3C6 /* Pods_WeatherApp.framework in Frameworks */ = {isa = PBXBuildFile; fileRef = B1FEB377B8137826A91D236B /* Pods_WeatherApp.framework */; };
/* End PBXBuildFile section */

/* Begin PBXFileReference section */
		35580CEA285D2321004CB75A /* DoubleExtensions.swift */ = {isa = PBXFileReference; lastKnownFileType = sourcecode.swift; path = DoubleExtensions.swift; sourceTree = "<group>"; };
		35C5695328528134007BF787 /* TodayWeatherPresenter.swift */ = {isa = PBXFileReference; lastKnownFileType = sourcecode.swift; path = TodayWeatherPresenter.swift; sourceTree = "<group>"; };
		35C5695528528150007BF787 /* TodayWeatherModel.swift */ = {isa = PBXFileReference; lastKnownFileType = sourcecode.swift; path = TodayWeatherModel.swift; sourceTree = "<group>"; };
		35C5695728528175007BF787 /* ForecastView.swift */ = {isa = PBXFileReference; lastKnownFileType = sourcecode.swift; path = ForecastView.swift; sourceTree = "<group>"; };
		35C5695928528181007BF787 /* ForecastPresenter.swift */ = {isa = PBXFileReference; lastKnownFileType = sourcecode.swift; path = ForecastPresenter.swift; sourceTree = "<group>"; };
		35C5695B2852818D007BF787 /* ForecastModel.swift */ = {isa = PBXFileReference; lastKnownFileType = sourcecode.swift; path = ForecastModel.swift; sourceTree = "<group>"; };
		35C5695D285283F0007BF787 /* TabBarController.swift */ = {isa = PBXFileReference; lastKnownFileType = sourcecode.swift; path = TabBarController.swift; sourceTree = "<group>"; };
		35D2FCF1285633270091CCAE /* LocationManager.swift */ = {isa = PBXFileReference; lastKnownFileType = sourcecode.swift; path = LocationManager.swift; sourceTree = "<group>"; };
		35E48CE0285A4E1400E5C7D6 /* ForecastCell.swift */ = {isa = PBXFileReference; lastKnownFileType = sourcecode.swift; path = ForecastCell.swift; sourceTree = "<group>"; };
		35F1A3522851364A00981305 /* WeatherApp.app */ = {isa = PBXFileReference; explicitFileType = wrapper.application; includeInIndex = 0; path = WeatherApp.app; sourceTree = BUILT_PRODUCTS_DIR; };
		35F1A3552851364A00981305 /* AppDelegate.swift */ = {isa = PBXFileReference; lastKnownFileType = sourcecode.swift; path = AppDelegate.swift; sourceTree = "<group>"; };
		35F1A3572851364A00981305 /* SceneDelegate.swift */ = {isa = PBXFileReference; lastKnownFileType = sourcecode.swift; path = SceneDelegate.swift; sourceTree = "<group>"; };
		35F1A3592851364A00981305 /* TodayWeatherView.swift */ = {isa = PBXFileReference; lastKnownFileType = sourcecode.swift; path = TodayWeatherView.swift; sourceTree = "<group>"; };
		35F1A35E2851364B00981305 /* Assets.xcassets */ = {isa = PBXFileReference; lastKnownFileType = folder.assetcatalog; path = Assets.xcassets; sourceTree = "<group>"; };
		35F1A3612851364B00981305 /* Base */ = {isa = PBXFileReference; lastKnownFileType = file.storyboard; name = Base; path = Base.lproj/LaunchScreen.storyboard; sourceTree = "<group>"; };
		35F1A3632851364B00981305 /* Info.plist */ = {isa = PBXFileReference; lastKnownFileType = text.plist.xml; path = Info.plist; sourceTree = "<group>"; };
		35F5F9532854071500D1FE4C /* OpenWeatherMapAPI.swift */ = {isa = PBXFileReference; lastKnownFileType = sourcecode.swift; path = OpenWeatherMapAPI.swift; sourceTree = "<group>"; };
		810564F87F12E50820524AB8 /* Pods-WeatherApp.release.xcconfig */ = {isa = PBXFileReference; includeInIndex = 1; lastKnownFileType = text.xcconfig; name = "Pods-WeatherApp.release.xcconfig"; path = "Target Support Files/Pods-WeatherApp/Pods-WeatherApp.release.xcconfig"; sourceTree = "<group>"; };
		B1FEB377B8137826A91D236B /* Pods_WeatherApp.framework */ = {isa = PBXFileReference; explicitFileType = wrapper.framework; includeInIndex = 0; path = Pods_WeatherApp.framework; sourceTree = BUILT_PRODUCTS_DIR; };
		B6DFD407233F3250C77FAB84 /* Pods-WeatherApp.debug.xcconfig */ = {isa = PBXFileReference; includeInIndex = 1; lastKnownFileType = text.xcconfig; name = "Pods-WeatherApp.debug.xcconfig"; path = "Target Support Files/Pods-WeatherApp/Pods-WeatherApp.debug.xcconfig"; sourceTree = "<group>"; };
/* End PBXFileReference section */

/* Begin PBXFrameworksBuildPhase section */
		35F1A34F2851364A00981305 /* Frameworks */ = {
			isa = PBXFrameworksBuildPhase;
			buildActionMask = 2147483647;
			files = (
				F815DE515D11A49243BCB3C6 /* Pods_WeatherApp.framework in Frameworks */,
			);
			runOnlyForDeploymentPostprocessing = 0;
		};
/* End PBXFrameworksBuildPhase section */

/* Begin PBXGroup section */
		0A6FC5E6FC4790B8E2FA8D01 /* Frameworks */ = {
			isa = PBXGroup;
			children = (
				B1FEB377B8137826A91D236B /* Pods_WeatherApp.framework */,
			);
			name = Frameworks;
			sourceTree = "<group>";
		};
		35580CE9285D22F5004CB75A /* Extensions */ = {
			isa = PBXGroup;
			children = (
				35580CEA285D2321004CB75A /* DoubleExtensions.swift */,
			);
			path = Extensions;
			sourceTree = "<group>";
		};
		35C5694F28528054007BF787 /* App */ = {
			isa = PBXGroup;
			children = (
				35F1A3552851364A00981305 /* AppDelegate.swift */,
				35F1A3572851364A00981305 /* SceneDelegate.swift */,
			);
			path = App;
			sourceTree = "<group>";
		};
		35C569502852809F007BF787 /* TodayWeather */ = {
			isa = PBXGroup;
			children = (
				35F1A3592851364A00981305 /* TodayWeatherView.swift */,
				35C5695328528134007BF787 /* TodayWeatherPresenter.swift */,
				35C5695528528150007BF787 /* TodayWeatherModel.swift */,
			);
			path = TodayWeather;
			sourceTree = "<group>";
		};
		35C56952285280ED007BF787 /* Forecast */ = {
			isa = PBXGroup;
			children = (
				35C5695728528175007BF787 /* ForecastView.swift */,
				35C5695928528181007BF787 /* ForecastPresenter.swift */,
				35C5695B2852818D007BF787 /* ForecastModel.swift */,
			);
			path = Forecast;
			sourceTree = "<group>";
		};
		35F1A3492851364A00981305 = {
			isa = PBXGroup;
			children = (
				35F1A3542851364A00981305 /* WeatherApp */,
				35F1A3532851364A00981305 /* Products */,
				FBE9F65B50DFE9BC1B0A818B /* Pods */,
				0A6FC5E6FC4790B8E2FA8D01 /* Frameworks */,
			);
			sourceTree = "<group>";
		};
		35F1A3532851364A00981305 /* Products */ = {
			isa = PBXGroup;
			children = (
				35F1A3522851364A00981305 /* WeatherApp.app */,
			);
			name = Products;
			sourceTree = "<group>";
		};
		35F1A3542851364A00981305 /* WeatherApp */ = {
			isa = PBXGroup;
			children = (
				35580CE9285D22F5004CB75A /* Extensions */,
				35C5694F28528054007BF787 /* App */,
				35C56952285280ED007BF787 /* Forecast */,
				35C569502852809F007BF787 /* TodayWeather */,
				35F1A35E2851364B00981305 /* Assets.xcassets */,
				35F1A3602851364B00981305 /* LaunchScreen.storyboard */,
				35F1A3632851364B00981305 /* Info.plist */,
				35C5695D285283F0007BF787 /* TabBarController.swift */,
				35F5F9532854071500D1FE4C /* OpenWeatherMapAPI.swift */,
				35D2FCF1285633270091CCAE /* LocationManager.swift */,
				35E48CE0285A4E1400E5C7D6 /* ForecastCell.swift */,
			);
			path = WeatherApp;
			sourceTree = "<group>";
		};
		FBE9F65B50DFE9BC1B0A818B /* Pods */ = {
			isa = PBXGroup;
			children = (
				B6DFD407233F3250C77FAB84 /* Pods-WeatherApp.debug.xcconfig */,
				810564F87F12E50820524AB8 /* Pods-WeatherApp.release.xcconfig */,
			);
			path = Pods;
			sourceTree = "<group>";
		};
/* End PBXGroup section */

/* Begin PBXNativeTarget section */
		35F1A3512851364A00981305 /* WeatherApp */ = {
			isa = PBXNativeTarget;
			buildConfigurationList = 35F1A3662851364B00981305 /* Build configuration list for PBXNativeTarget "WeatherApp" */;
			buildPhases = (
				FBFF1891BF4BD232A359C07A /* [CP] Check Pods Manifest.lock */,
				35F1A34E2851364A00981305 /* Sources */,
				35F1A34F2851364A00981305 /* Frameworks */,
				35F1A3502851364A00981305 /* Resources */,
				44DF38DEDF5AA0CC3F861180 /* [CP] Embed Pods Frameworks */,
			);
			buildRules = (
			);
			dependencies = (
			);
			name = WeatherApp;
			productName = WeatherApp;
			productReference = 35F1A3522851364A00981305 /* WeatherApp.app */;
			productType = "com.apple.product-type.application";
		};
/* End PBXNativeTarget section */

/* Begin PBXProject section */
		35F1A34A2851364A00981305 /* Project object */ = {
			isa = PBXProject;
			attributes = {
				BuildIndependentTargetsInParallel = 1;
				LastSwiftUpdateCheck = 1330;
				LastUpgradeCheck = 1330;
				TargetAttributes = {
					35F1A3512851364A00981305 = {
						CreatedOnToolsVersion = 13.3;
					};
				};
			};
			buildConfigurationList = 35F1A34D2851364A00981305 /* Build configuration list for PBXProject "WeatherApp" */;
			compatibilityVersion = "Xcode 13.0";
			developmentRegion = en;
			hasScannedForEncodings = 0;
			knownRegions = (
				en,
				Base,
			);
			mainGroup = 35F1A3492851364A00981305;
			productRefGroup = 35F1A3532851364A00981305 /* Products */;
			projectDirPath = "";
			projectRoot = "";
			targets = (
				35F1A3512851364A00981305 /* WeatherApp */,
			);
		};
/* End PBXProject section */

/* Begin PBXResourcesBuildPhase section */
		35F1A3502851364A00981305 /* Resources */ = {
			isa = PBXResourcesBuildPhase;
			buildActionMask = 2147483647;
			files = (
				35F1A3622851364B00981305 /* LaunchScreen.storyboard in Resources */,
				35F1A35F2851364B00981305 /* Assets.xcassets in Resources */,
			);
			runOnlyForDeploymentPostprocessing = 0;
		};
/* End PBXResourcesBuildPhase section */

/* Begin PBXShellScriptBuildPhase section */
		44DF38DEDF5AA0CC3F861180 /* [CP] Embed Pods Frameworks */ = {
			isa = PBXShellScriptBuildPhase;
			buildActionMask = 2147483647;
			files = (
			);
			inputFileListPaths = (
				"${PODS_ROOT}/Target Support Files/Pods-WeatherApp/Pods-WeatherApp-frameworks-${CONFIGURATION}-input-files.xcfilelist",
			);
			name = "[CP] Embed Pods Frameworks";
			outputFileListPaths = (
				"${PODS_ROOT}/Target Support Files/Pods-WeatherApp/Pods-WeatherApp-frameworks-${CONFIGURATION}-output-files.xcfilelist",
			);
			runOnlyForDeploymentPostprocessing = 0;
			shellPath = /bin/sh;
			shellScript = "\"${PODS_ROOT}/Target Support Files/Pods-WeatherApp/Pods-WeatherApp-frameworks.sh\"\n";
			showEnvVarsInLog = 0;
		};
		FBFF1891BF4BD232A359C07A /* [CP] Check Pods Manifest.lock */ = {
			isa = PBXShellScriptBuildPhase;
			buildActionMask = 2147483647;
			files = (
			);
			inputFileListPaths = (
			);
			inputPaths = (
				"${PODS_PODFILE_DIR_PATH}/Podfile.lock",
				"${PODS_ROOT}/Manifest.lock",
			);
			name = "[CP] Check Pods Manifest.lock";
			outputFileListPaths = (
			);
			outputPaths = (
				"$(DERIVED_FILE_DIR)/Pods-WeatherApp-checkManifestLockResult.txt",
			);
			runOnlyForDeploymentPostprocessing = 0;
			shellPath = /bin/sh;
			shellScript = "diff \"${PODS_PODFILE_DIR_PATH}/Podfile.lock\" \"${PODS_ROOT}/Manifest.lock\" > /dev/null\nif [ $? != 0 ] ; then\n    # print error to STDERR\n    echo \"error: The sandbox is not in sync with the Podfile.lock. Run 'pod install' or update your CocoaPods installation.\" >&2\n    exit 1\nfi\n# This output is used by Xcode 'outputs' to avoid re-running this script phase.\necho \"SUCCESS\" > \"${SCRIPT_OUTPUT_FILE_0}\"\n";
			showEnvVarsInLog = 0;
		};
/* End PBXShellScriptBuildPhase section */

/* Begin PBXSourcesBuildPhase section */
		35F1A34E2851364A00981305 /* Sources */ = {
			isa = PBXSourcesBuildPhase;
			buildActionMask = 2147483647;
			files = (
				35F1A35A2851364A00981305 /* TodayWeatherView.swift in Sources */,
				35C5695A28528181007BF787 /* ForecastPresenter.swift in Sources */,
				35C5695628528150007BF787 /* TodayWeatherModel.swift in Sources */,
				35D2FCF2285633270091CCAE /* LocationManager.swift in Sources */,
				35F1A3562851364A00981305 /* AppDelegate.swift in Sources */,
				35F5F9542854071500D1FE4C /* OpenWeatherMapAPI.swift in Sources */,
				35F1A3582851364A00981305 /* SceneDelegate.swift in Sources */,
				35C5695428528134007BF787 /* TodayWeatherPresenter.swift in Sources */,
				35580CEB285D2321004CB75A /* DoubleExtensions.swift in Sources */,
				35C5695E285283F0007BF787 /* TabBarController.swift in Sources */,
				35C5695C2852818D007BF787 /* ForecastModel.swift in Sources */,
				35C5695828528175007BF787 /* ForecastView.swift in Sources */,
				35E48CE1285A4E1400E5C7D6 /* ForecastCell.swift in Sources */,
			);
			runOnlyForDeploymentPostprocessing = 0;
		};
/* End PBXSourcesBuildPhase section */

/* Begin PBXVariantGroup section */
		35F1A3602851364B00981305 /* LaunchScreen.storyboard */ = {
			isa = PBXVariantGroup;
			children = (
				35F1A3612851364B00981305 /* Base */,
			);
			name = LaunchScreen.storyboard;
			sourceTree = "<group>";
		};
/* End PBXVariantGroup section */

/* Begin XCBuildConfiguration section */
		35F1A3642851364B00981305 /* Debug */ = {
			isa = XCBuildConfiguration;
			buildSettings = {
				ALWAYS_SEARCH_USER_PATHS = NO;
				CLANG_ANALYZER_NONNULL = YES;
				CLANG_ANALYZER_NUMBER_OBJECT_CONVERSION = YES_AGGRESSIVE;
				CLANG_CXX_LANGUAGE_STANDARD = "gnu++17";
				CLANG_ENABLE_MODULES = YES;
				CLANG_ENABLE_OBJC_ARC = YES;
				CLANG_ENABLE_OBJC_WEAK = YES;
				CLANG_WARN_BLOCK_CAPTURE_AUTORELEASING = YES;
				CLANG_WARN_BOOL_CONVERSION = YES;
				CLANG_WARN_COMMA = YES;
				CLANG_WARN_CONSTANT_CONVERSION = YES;
				CLANG_WARN_DEPRECATED_OBJC_IMPLEMENTATIONS = YES;
				CLANG_WARN_DIRECT_OBJC_ISA_USAGE = YES_ERROR;
				CLANG_WARN_DOCUMENTATION_COMMENTS = YES;
				CLANG_WARN_EMPTY_BODY = YES;
				CLANG_WARN_ENUM_CONVERSION = YES;
				CLANG_WARN_INFINITE_RECURSION = YES;
				CLANG_WARN_INT_CONVERSION = YES;
				CLANG_WARN_NON_LITERAL_NULL_CONVERSION = YES;
				CLANG_WARN_OBJC_IMPLICIT_RETAIN_SELF = YES;
				CLANG_WARN_OBJC_LITERAL_CONVERSION = YES;
				CLANG_WARN_OBJC_ROOT_CLASS = YES_ERROR;
				CLANG_WARN_QUOTED_INCLUDE_IN_FRAMEWORK_HEADER = YES;
				CLANG_WARN_RANGE_LOOP_ANALYSIS = YES;
				CLANG_WARN_STRICT_PROTOTYPES = YES;
				CLANG_WARN_SUSPICIOUS_MOVE = YES;
				CLANG_WARN_UNGUARDED_AVAILABILITY = YES_AGGRESSIVE;
				CLANG_WARN_UNREACHABLE_CODE = YES;
				CLANG_WARN__DUPLICATE_METHOD_MATCH = YES;
				COPY_PHASE_STRIP = NO;
				DEBUG_INFORMATION_FORMAT = dwarf;
				ENABLE_STRICT_OBJC_MSGSEND = YES;
				ENABLE_TESTABILITY = YES;
				GCC_C_LANGUAGE_STANDARD = gnu11;
				GCC_DYNAMIC_NO_PIC = NO;
				GCC_NO_COMMON_BLOCKS = YES;
				GCC_OPTIMIZATION_LEVEL = 0;
				GCC_PREPROCESSOR_DEFINITIONS = (
					"DEBUG=1",
					"$(inherited)",
				);
				GCC_WARN_64_TO_32_BIT_CONVERSION = YES;
				GCC_WARN_ABOUT_RETURN_TYPE = YES_ERROR;
				GCC_WARN_UNDECLARED_SELECTOR = YES;
				GCC_WARN_UNINITIALIZED_AUTOS = YES_AGGRESSIVE;
				GCC_WARN_UNUSED_FUNCTION = YES;
				GCC_WARN_UNUSED_VARIABLE = YES;
				IPHONEOS_DEPLOYMENT_TARGET = 15.4;
				MTL_ENABLE_DEBUG_INFO = INCLUDE_SOURCE;
				MTL_FAST_MATH = YES;
				ONLY_ACTIVE_ARCH = YES;
				SDKROOT = iphoneos;
				SWIFT_ACTIVE_COMPILATION_CONDITIONS = DEBUG;
				SWIFT_OPTIMIZATION_LEVEL = "-Onone";
			};
			name = Debug;
		};
		35F1A3652851364B00981305 /* Release */ = {
			isa = XCBuildConfiguration;
			buildSettings = {
				ALWAYS_SEARCH_USER_PATHS = NO;
				CLANG_ANALYZER_NONNULL = YES;
				CLANG_ANALYZER_NUMBER_OBJECT_CONVERSION = YES_AGGRESSIVE;
				CLANG_CXX_LANGUAGE_STANDARD = "gnu++17";
				CLANG_ENABLE_MODULES = YES;
				CLANG_ENABLE_OBJC_ARC = YES;
				CLANG_ENABLE_OBJC_WEAK = YES;
				CLANG_WARN_BLOCK_CAPTURE_AUTORELEASING = YES;
				CLANG_WARN_BOOL_CONVERSION = YES;
				CLANG_WARN_COMMA = YES;
				CLANG_WARN_CONSTANT_CONVERSION = YES;
				CLANG_WARN_DEPRECATED_OBJC_IMPLEMENTATIONS = YES;
				CLANG_WARN_DIRECT_OBJC_ISA_USAGE = YES_ERROR;
				CLANG_WARN_DOCUMENTATION_COMMENTS = YES;
				CLANG_WARN_EMPTY_BODY = YES;
				CLANG_WARN_ENUM_CONVERSION = YES;
				CLANG_WARN_INFINITE_RECURSION = YES;
				CLANG_WARN_INT_CONVERSION = YES;
				CLANG_WARN_NON_LITERAL_NULL_CONVERSION = YES;
				CLANG_WARN_OBJC_IMPLICIT_RETAIN_SELF = YES;
				CLANG_WARN_OBJC_LITERAL_CONVERSION = YES;
				CLANG_WARN_OBJC_ROOT_CLASS = YES_ERROR;
				CLANG_WARN_QUOTED_INCLUDE_IN_FRAMEWORK_HEADER = YES;
				CLANG_WARN_RANGE_LOOP_ANALYSIS = YES;
				CLANG_WARN_STRICT_PROTOTYPES = YES;
				CLANG_WARN_SUSPICIOUS_MOVE = YES;
				CLANG_WARN_UNGUARDED_AVAILABILITY = YES_AGGRESSIVE;
				CLANG_WARN_UNREACHABLE_CODE = YES;
				CLANG_WARN__DUPLICATE_METHOD_MATCH = YES;
				COPY_PHASE_STRIP = NO;
				DEBUG_INFORMATION_FORMAT = "dwarf-with-dsym";
				ENABLE_NS_ASSERTIONS = NO;
				ENABLE_STRICT_OBJC_MSGSEND = YES;
				GCC_C_LANGUAGE_STANDARD = gnu11;
				GCC_NO_COMMON_BLOCKS = YES;
				GCC_WARN_64_TO_32_BIT_CONVERSION = YES;
				GCC_WARN_ABOUT_RETURN_TYPE = YES_ERROR;
				GCC_WARN_UNDECLARED_SELECTOR = YES;
				GCC_WARN_UNINITIALIZED_AUTOS = YES_AGGRESSIVE;
				GCC_WARN_UNUSED_FUNCTION = YES;
				GCC_WARN_UNUSED_VARIABLE = YES;
				IPHONEOS_DEPLOYMENT_TARGET = 15.4;
				MTL_ENABLE_DEBUG_INFO = NO;
				MTL_FAST_MATH = YES;
				SDKROOT = iphoneos;
				SWIFT_COMPILATION_MODE = wholemodule;
				SWIFT_OPTIMIZATION_LEVEL = "-O";
				VALIDATE_PRODUCT = YES;
			};
			name = Release;
		};
		35F1A3672851364B00981305 /* Debug */ = {
			isa = XCBuildConfiguration;
			baseConfigurationReference = B6DFD407233F3250C77FAB84 /* Pods-WeatherApp.debug.xcconfig */;
			buildSettings = {
				ASSETCATALOG_COMPILER_APPICON_NAME = AppIcon;
				ASSETCATALOG_COMPILER_GLOBAL_ACCENT_COLOR_NAME = AccentColor;
				CODE_SIGN_STYLE = Automatic;
				CURRENT_PROJECT_VERSION = 1;
				DEVELOPMENT_TEAM = 9VBDK94U7E;
				GENERATE_INFOPLIST_FILE = YES;
				INFOPLIST_FILE = WeatherApp/Info.plist;
				INFOPLIST_KEY_NSLocationAlwaysAndWhenInUseUsageDescription = "It needs for getting a weather forecast for your location";
				INFOPLIST_KEY_NSLocationWhenInUseUsageDescription = "It needs for getting a weather forecast for your location";
				INFOPLIST_KEY_UIApplicationSupportsIndirectInputEvents = YES;
				INFOPLIST_KEY_UILaunchStoryboardName = LaunchScreen;
				INFOPLIST_KEY_UISupportedInterfaceOrientations = UIInterfaceOrientationPortrait;
				INFOPLIST_KEY_UISupportedInterfaceOrientations_iPad = "UIInterfaceOrientationPortrait UIInterfaceOrientationPortraitUpsideDown UIInterfaceOrientationLandscapeLeft UIInterfaceOrientationLandscapeRight";
				INFOPLIST_KEY_UISupportedInterfaceOrientations_iPhone = "UIInterfaceOrientationPortrait UIInterfaceOrientationLandscapeLeft UIInterfaceOrientationLandscapeRight";
				LD_RUNPATH_SEARCH_PATHS = (
					"$(inherited)",
					"@executable_path/Frameworks",
				);
				MARKETING_VERSION = 1.0;
				PRODUCT_BUNDLE_IDENTIFIER = val.WeatherApp;
				PRODUCT_NAME = "$(TARGET_NAME)";
				SWIFT_EMIT_LOC_STRINGS = YES;
				SWIFT_VERSION = 5.0;
				TARGETED_DEVICE_FAMILY = 1;
			};
			name = Debug;
		};
		35F1A3682851364B00981305 /* Release */ = {
			isa = XCBuildConfiguration;
			baseConfigurationReference = 810564F87F12E50820524AB8 /* Pods-WeatherApp.release.xcconfig */;
			buildSettings = {
				ASSETCATALOG_COMPILER_APPICON_NAME = AppIcon;
				ASSETCATALOG_COMPILER_GLOBAL_ACCENT_COLOR_NAME = AccentColor;
				CODE_SIGN_STYLE = Automatic;
				CURRENT_PROJECT_VERSION = 1;
				DEVELOPMENT_TEAM = 9VBDK94U7E;
				GENERATE_INFOPLIST_FILE = YES;
				INFOPLIST_FILE = WeatherApp/Info.plist;
				INFOPLIST_KEY_NSLocationAlwaysAndWhenInUseUsageDescription = "It needs for getting a weather forecast for your location";
				INFOPLIST_KEY_NSLocationWhenInUseUsageDescription = "It needs for getting a weather forecast for your location";
				INFOPLIST_KEY_UIApplicationSupportsIndirectInputEvents = YES;
				INFOPLIST_KEY_UILaunchStoryboardName = LaunchScreen;
				INFOPLIST_KEY_UISupportedInterfaceOrientations = UIInterfaceOrientationPortrait;
				INFOPLIST_KEY_UISupportedInterfaceOrientations_iPad = "UIInterfaceOrientationPortrait UIInterfaceOrientationPortraitUpsideDown UIInterfaceOrientationLandscapeLeft UIInterfaceOrientationLandscapeRight";
				INFOPLIST_KEY_UISupportedInterfaceOrientations_iPhone = "UIInterfaceOrientationPortrait UIInterfaceOrientationLandscapeLeft UIInterfaceOrientationLandscapeRight";
				LD_RUNPATH_SEARCH_PATHS = (
					"$(inherited)",
					"@executable_path/Frameworks",
				);
				MARKETING_VERSION = 1.0;
				PRODUCT_BUNDLE_IDENTIFIER = val.WeatherApp;
				PRODUCT_NAME = "$(TARGET_NAME)";
				SWIFT_EMIT_LOC_STRINGS = YES;
				SWIFT_VERSION = 5.0;
				TARGETED_DEVICE_FAMILY = 1;
			};
			name = Release;
		};
/* End XCBuildConfiguration section */

/* Begin XCConfigurationList section */
		35F1A34D2851364A00981305 /* Build configuration list for PBXProject "WeatherApp" */ = {
			isa = XCConfigurationList;
			buildConfigurations = (
				35F1A3642851364B00981305 /* Debug */,
				35F1A3652851364B00981305 /* Release */,
			);
			defaultConfigurationIsVisible = 0;
			defaultConfigurationName = Release;
		};
		35F1A3662851364B00981305 /* Build configuration list for PBXNativeTarget "WeatherApp" */ = {
			isa = XCConfigurationList;
			buildConfigurations = (
				35F1A3672851364B00981305 /* Debug */,
				35F1A3682851364B00981305 /* Release */,
			);
			defaultConfigurationIsVisible = 0;
			defaultConfigurationName = Release;
		};
/* End XCConfigurationList section */
	};
	rootObject = 35F1A34A2851364A00981305 /* Project object */;
}
